# THIS IS AN AUTOGENERATED FILE. DO NOT EDIT THIS FILE DIRECTLY.
# yarn lockfile v1


anafanafo@^1.0.0:
  version "1.0.0"
  resolved "https://registry.npmjs.org/anafanafo/-/anafanafo-1.0.0.tgz"
  integrity sha512-pDPbI7SFRHu0byMXHAf+v74+LCcHSxnLYkcbfiV91XRlE+NSLpFCpEQdVUy9ZxZw/LuhTrOin4r8wlR3OFrKBA==
  dependencies:
    char-width-table-consumer "^1.0.0"

axios@^0.21.1:
  version "0.21.4"
  resolved "https://registry.npmjs.org/axios/-/axios-0.21.4.tgz"
  integrity sha512-ut5vewkiu8jjGBdqpM44XxjuCjq9LAKeHVmoVfHVzy8eHgxxq8SbAVQNovDA8mVi05kP0Ea/n/UzcSHcTJQfNg==
  dependencies:
    follow-redirects "^1.14.0"

binary-search@^1.3.5:
  version "1.3.6"
  resolved "https://registry.npmjs.org/binary-search/-/binary-search-1.3.6.tgz"
  integrity sha512-nbE1WxOTTrUWIfsfZ4aHGYu5DOuNkbxGokjV6Z2kxfJK3uaAb8zNK1muzOeipoLHZjInT4Br88BHpzevc681xA==

char-width-table-consumer@^1.0.0:
  version "1.0.0"
  resolved "https://registry.npmjs.org/char-width-table-consumer/-/char-width-table-consumer-1.0.0.tgz"
  integrity sha512-Fz4UD0LBpxPgL9i29CJ5O4KANwaMnX/OhhbxzvNa332h+9+nRKyeuLw4wA51lt/ex67+/AdsoBQJF3kgX2feYQ==
  dependencies:
    binary-search "^1.3.5"

follow-redirects@^1.14.0:
  version "1.15.2"
  resolved "https://registry.npmjs.org/follow-redirects/-/follow-redirects-1.15.2.tgz"
  integrity sha512-VQLG33o04KaQ8uYi2tVNbdrWp1QWxNNea+nmIB4EVM28v0hmP17z7aG1+wAkNzVq4KeXTq3221ye5qTJP91JwA==
